
Microsoft Visual Studio Solution File, Format Version 12.00
# Visual Studio Version 16
VisualStudioVersion = 16.0.30621.155
MinimumVisualStudioVersion = 10.0.40219.1
Project("{FAE04EC0-301F-11D3-BF4B-00C04F79EFBC}") = "EzHash", "EzHash\EzHash.csproj", "{9C636BA1-5A23-456A-93BE-FCEB1CF0DE77}"
EndProject
Global
	GlobalSection(SolutionConfigurationPlatforms) = preSolution
		Debug|Any CPU = Debug|Any CPU
		Release|Any CPU = Release|Any CPU
	EndGlobalSection
	GlobalSection(ProjectConfigurationPlatforms) = postSolution
		{9C636BA1-5A23-456A-93BE-FCEB1CF0DE77}.Debug|Any CPU.ActiveCfg = Debug|Any CPU
		{9C636BA1-5A23-456A-93BE-FCEB1CF0DE77}.Debug|Any CPU.Build.0 = Debug|Any CPU
		{9C636BA1-5A23-456A-93BE-FCEB1CF0DE77}.Release|Any CPU.ActiveCfg = Release|Any CPU
		{9C636BA1-5A23-456A-93BE-FCEB1CF0DE77}.Release|Any CPU.Build.0 = Release|Any CPU
	EndGlobalSection
	GlobalSection(SolutionProperties) = preSolution
		HideSolutionNode = FALSE
	EndGlobalSection
	GlobalSection(ExtensibilityGlobals) = postSolution
		SolutionGuid = {EDDEA01D-7666-4D62-8A22-6BD42F1E9BD8}
	EndGlobalSection
EndGlobal
